
Microsoft Visual Studio Solution File, Format Version 12.00
# Visual Studio Version 17
VisualStudioVersion = 17.5.33627.172
MinimumVisualStudioVersion = 10.0.40219.1
Project("{9A19103F-16F7-4668-BE54-9A1E7A4F7556}") = "Diagonal Difference", "Diagonal Difference\Diagonal Difference.csproj", "{E2A6C269-41E9-40C0-8B04-641ACB23CDC4}"
EndProject
Project("{9A19103F-16F7-4668-BE54-9A1E7A4F7556}") = "Squares in Matrix", "Squares in Matrix\Squares in Matrix.csproj", "{C548BF5C-725A-40D3-A830-05FF93107073}"
EndProject
Project("{9A19103F-16F7-4668-BE54-9A1E7A4F7556}") = "Maximal Sum", "Maximal Sum\Maximal Sum.csproj", "{1B3CED23-0796-4C2E-8FD9-E55CB1BFB608}"
EndProject
Project("{FAE04EC0-301F-11D3-BF4B-00C04F79EFBC}") = "Matrix Shuffling", "Matrix Shuffling\Matrix Shuffling.csproj", "{5E285842-9A35-494B-8A93-ED8D878D5A45}"
EndProject
Project("{FAE04EC0-301F-11D3-BF4B-00C04F79EFBC}") = "Snake Moves", "Snake Moves\Snake Moves.csproj", "{4E717C8B-E915-4850-858D-48B5A11738DA}"
EndProject
Project("{FAE04EC0-301F-11D3-BF4B-00C04F79EFBC}") = "Jagged Array Manipulator", "Jagged Array Manipulator\Jagged Array Manipulator.csproj", "{C21342EF-B8D6-42A2-B2E3-27ED3604C5BB}"
EndProject
Global
	GlobalSection(SolutionConfigurationPlatforms) = preSolution
		Debug|Any CPU = Debug|Any CPU
		Release|Any CPU = Release|Any CPU
	EndGlobalSection
	GlobalSection(ProjectConfigurationPlatforms) = postSolution
		{E2A6C269-41E9-40C0-8B04-641ACB23CDC4}.Debug|Any CPU.ActiveCfg = Debug|Any CPU
		{E2A6C269-41E9-40C0-8B04-641ACB23CDC4}.Debug|Any CPU.Build.0 = Debug|Any CPU
		{E2A6C269-41E9-40C0-8B04-641ACB23CDC4}.Release|Any CPU.ActiveCfg = Release|Any CPU
		{E2A6C269-41E9-40C0-8B04-641ACB23CDC4}.Release|Any CPU.Build.0 = Release|Any CPU
		{C548BF5C-725A-40D3-A830-05FF93107073}.Debug|Any CPU.ActiveCfg = Debug|Any CPU
		{C548BF5C-725A-40D3-A830-05FF93107073}.Debug|Any CPU.Build.0 = Debug|Any CPU
		{C548BF5C-725A-40D3-A830-05FF93107073}.Release|Any CPU.ActiveCfg = Release|Any CPU
		{C548BF5C-725A-40D3-A830-05FF93107073}.Release|Any CPU.Build.0 = Release|Any CPU
		{1B3CED23-0796-4C2E-8FD9-E55CB1BFB608}.Debug|Any CPU.ActiveCfg = Debug|Any CPU
		{1B3CED23-0796-4C2E-8FD9-E55CB1BFB608}.Debug|Any CPU.Build.0 = Debug|Any CPU
		{1B3CED23-0796-4C2E-8FD9-E55CB1BFB608}.Release|Any CPU.ActiveCfg = Release|Any CPU
		{1B3CED23-0796-4C2E-8FD9-E55CB1BFB608}.Release|Any CPU.Build.0 = Release|Any CPU
		{5E285842-9A35-494B-8A93-ED8D878D5A45}.Debug|Any CPU.ActiveCfg = Debug|Any CPU
		{5E285842-9A35-494B-8A93-ED8D878D5A45}.Debug|Any CPU.Build.0 = Debug|Any CPU
		{5E285842-9A35-494B-8A93-ED8D878D5A45}.Release|Any CPU.ActiveCfg = Release|Any CPU
		{5E285842-9A35-494B-8A93-ED8D878D5A45}.Release|Any CPU.Build.0 = Release|Any CPU
		{4E717C8B-E915-4850-858D-48B5A11738DA}.Debug|Any CPU.ActiveCfg = Debug|Any CPU
		{4E717C8B-E915-4850-858D-48B5A11738DA}.Debug|Any CPU.Build.0 = Debug|Any CPU
		{4E717C8B-E915-4850-858D-48B5A11738DA}.Release|Any CPU.ActiveCfg = Release|Any CPU
		{4E717C8B-E915-4850-858D-48B5A11738DA}.Release|Any CPU.Build.0 = Release|Any CPU
		{C21342EF-B8D6-42A2-B2E3-27ED3604C5BB}.Debug|Any CPU.ActiveCfg = Debug|Any CPU
		{C21342EF-B8D6-42A2-B2E3-27ED3604C5BB}.Debug|Any CPU.Build.0 = Debug|Any CPU
		{C21342EF-B8D6-42A2-B2E3-27ED3604C5BB}.Release|Any CPU.ActiveCfg = Release|Any CPU
		{C21342EF-B8D6-42A2-B2E3-27ED3604C5BB}.Release|Any CPU.Build.0 = Release|Any CPU
	EndGlobalSection
	GlobalSection(SolutionProperties) = preSolution
		HideSolutionNode = FALSE
	EndGlobalSection
	GlobalSection(ExtensibilityGlobals) = postSolution
		SolutionGuid = {647A114D-1FF8-40AE-B70F-F324637E4953}
	EndGlobalSection
EndGlobal
