
Microsoft Visual Studio Solution File, Format Version 12.00
# Visual Studio Version 17
VisualStudioVersion = 17.5.33627.172
MinimumVisualStudioVersion = 10.0.40219.1
Project("{9A19103F-16F7-4668-BE54-9A1E7A4F7556}") = "Unique Usernames", "Unique Usernames\Unique Usernames.csproj", "{F40DC2AD-970C-4DC0-A0F2-F633CCF9A3F7}"
EndProject
Project("{9A19103F-16F7-4668-BE54-9A1E7A4F7556}") = "Sets of Elements", "Sets of Elements\Sets of Elements.csproj", "{A49BDD09-9CEB-4431-BAED-2039E866A6C6}"
EndProject
Project("{9A19103F-16F7-4668-BE54-9A1E7A4F7556}") = "Periodic Table", "Periodic Table\Periodic Table.csproj", "{82958126-0E36-41F2-87A0-EFE720411B3F}"
EndProject
Project("{9A19103F-16F7-4668-BE54-9A1E7A4F7556}") = "Even Times", "Even Times\Even Times.csproj", "{A1CC729F-BBFB-459F-BF96-79852A5E181C}"
EndProject
Project("{9A19103F-16F7-4668-BE54-9A1E7A4F7556}") = "Count Symbols", "Count Symbols\Count Symbols.csproj", "{C89DEF1C-57E7-4C6F-AC1A-5DD012315F57}"
EndProject
Project("{9A19103F-16F7-4668-BE54-9A1E7A4F7556}") = "Wardrobe", "Wardrobe\Wardrobe.csproj", "{F5397464-A134-4416-9F6F-B844E2033962}"
EndProject
Project("{FAE04EC0-301F-11D3-BF4B-00C04F79EFBC}") = "The V-Logger", "The V-Logger\The V-Logger.csproj", "{410896C0-033C-437C-BAC0-65B5F23DBEA0}"
EndProject
Project("{FAE04EC0-301F-11D3-BF4B-00C04F79EFBC}") = "Ranking", "Ranking\Ranking.csproj", "{A40F1D8D-0F2F-497C-B161-754892D572B4}"
EndProject
Global
	GlobalSection(SolutionConfigurationPlatforms) = preSolution
		Debug|Any CPU = Debug|Any CPU
		Release|Any CPU = Release|Any CPU
	EndGlobalSection
	GlobalSection(ProjectConfigurationPlatforms) = postSolution
		{F40DC2AD-970C-4DC0-A0F2-F633CCF9A3F7}.Debug|Any CPU.ActiveCfg = Debug|Any CPU
		{F40DC2AD-970C-4DC0-A0F2-F633CCF9A3F7}.Debug|Any CPU.Build.0 = Debug|Any CPU
		{F40DC2AD-970C-4DC0-A0F2-F633CCF9A3F7}.Release|Any CPU.ActiveCfg = Release|Any CPU
		{F40DC2AD-970C-4DC0-A0F2-F633CCF9A3F7}.Release|Any CPU.Build.0 = Release|Any CPU
		{A49BDD09-9CEB-4431-BAED-2039E866A6C6}.Debug|Any CPU.ActiveCfg = Debug|Any CPU
		{A49BDD09-9CEB-4431-BAED-2039E866A6C6}.Debug|Any CPU.Build.0 = Debug|Any CPU
		{A49BDD09-9CEB-4431-BAED-2039E866A6C6}.Release|Any CPU.ActiveCfg = Release|Any CPU
		{A49BDD09-9CEB-4431-BAED-2039E866A6C6}.Release|Any CPU.Build.0 = Release|Any CPU
		{82958126-0E36-41F2-87A0-EFE720411B3F}.Debug|Any CPU.ActiveCfg = Debug|Any CPU
		{82958126-0E36-41F2-87A0-EFE720411B3F}.Debug|Any CPU.Build.0 = Debug|Any CPU
		{82958126-0E36-41F2-87A0-EFE720411B3F}.Release|Any CPU.ActiveCfg = Release|Any CPU
		{82958126-0E36-41F2-87A0-EFE720411B3F}.Release|Any CPU.Build.0 = Release|Any CPU
		{A1CC729F-BBFB-459F-BF96-79852A5E181C}.Debug|Any CPU.ActiveCfg = Debug|Any CPU
		{A1CC729F-BBFB-459F-BF96-79852A5E181C}.Debug|Any CPU.Build.0 = Debug|Any CPU
		{A1CC729F-BBFB-459F-BF96-79852A5E181C}.Release|Any CPU.ActiveCfg = Release|Any CPU
		{A1CC729F-BBFB-459F-BF96-79852A5E181C}.Release|Any CPU.Build.0 = Release|Any CPU
		{C89DEF1C-57E7-4C6F-AC1A-5DD012315F57}.Debug|Any CPU.ActiveCfg = Debug|Any CPU
		{C89DEF1C-57E7-4C6F-AC1A-5DD012315F57}.Debug|Any CPU.Build.0 = Debug|Any CPU
		{C89DEF1C-57E7-4C6F-AC1A-5DD012315F57}.Release|Any CPU.ActiveCfg = Release|Any CPU
		{C89DEF1C-57E7-4C6F-AC1A-5DD012315F57}.Release|Any CPU.Build.0 = Release|Any CPU
		{F5397464-A134-4416-9F6F-B844E2033962}.Debug|Any CPU.ActiveCfg = Debug|Any CPU
		{F5397464-A134-4416-9F6F-B844E2033962}.Debug|Any CPU.Build.0 = Debug|Any CPU
		{F5397464-A134-4416-9F6F-B844E2033962}.Release|Any CPU.ActiveCfg = Release|Any CPU
		{F5397464-A134-4416-9F6F-B844E2033962}.Release|Any CPU.Build.0 = Release|Any CPU
		{410896C0-033C-437C-BAC0-65B5F23DBEA0}.Debug|Any CPU.ActiveCfg = Debug|Any CPU
		{410896C0-033C-437C-BAC0-65B5F23DBEA0}.Debug|Any CPU.Build.0 = Debug|Any CPU
		{410896C0-033C-437C-BAC0-65B5F23DBEA0}.Release|Any CPU.ActiveCfg = Release|Any CPU
		{410896C0-033C-437C-BAC0-65B5F23DBEA0}.Release|Any CPU.Build.0 = Release|Any CPU
		{A40F1D8D-0F2F-497C-B161-754892D572B4}.Debug|Any CPU.ActiveCfg = Debug|Any CPU
		{A40F1D8D-0F2F-497C-B161-754892D572B4}.Debug|Any CPU.Build.0 = Debug|Any CPU
		{A40F1D8D-0F2F-497C-B161-754892D572B4}.Release|Any CPU.ActiveCfg = Release|Any CPU
		{A40F1D8D-0F2F-497C-B161-754892D572B4}.Release|Any CPU.Build.0 = Release|Any CPU
	EndGlobalSection
	GlobalSection(SolutionProperties) = preSolution
		HideSolutionNode = FALSE
	EndGlobalSection
	GlobalSection(ExtensibilityGlobals) = postSolution
		SolutionGuid = {C96525BF-BCFD-4F24-B2BA-110EB11582E1}
	EndGlobalSection
EndGlobal
