
Microsoft Visual Studio Solution File, Format Version 12.00
# Visual Studio Version 17
VisualStudioVersion = 17.5.33627.172
MinimumVisualStudioVersion = 10.0.40219.1
Project("{FAE04EC0-301F-11D3-BF4B-00C04F79EFBC}") = "Unique Usernames", "Unique Usernames\Unique Usernames.csproj", "{F40DC2AD-970C-4DC0-A0F2-F633CCF9A3F7}"
EndProject
Project("{FAE04EC0-301F-11D3-BF4B-00C04F79EFBC}") = "Sets of Elements", "Sets of Elements\Sets of Elements.csproj", "{A49BDD09-9CEB-4431-BAED-2039E866A6C6}"
EndProject
Global
	GlobalSection(SolutionConfigurationPlatforms) = preSolution
		Debug|Any CPU = Debug|Any CPU
		Release|Any CPU = Release|Any CPU
	EndGlobalSection
	GlobalSection(ProjectConfigurationPlatforms) = postSolution
		{F40DC2AD-970C-4DC0-A0F2-F633CCF9A3F7}.Debug|Any CPU.ActiveCfg = Debug|Any CPU
		{F40DC2AD-970C-4DC0-A0F2-F633CCF9A3F7}.Debug|Any CPU.Build.0 = Debug|Any CPU
		{F40DC2AD-970C-4DC0-A0F2-F633CCF9A3F7}.Release|Any CPU.ActiveCfg = Release|Any CPU
		{F40DC2AD-970C-4DC0-A0F2-F633CCF9A3F7}.Release|Any CPU.Build.0 = Release|Any CPU
		{A49BDD09-9CEB-4431-BAED-2039E866A6C6}.Debug|Any CPU.ActiveCfg = Debug|Any CPU
		{A49BDD09-9CEB-4431-BAED-2039E866A6C6}.Debug|Any CPU.Build.0 = Debug|Any CPU
		{A49BDD09-9CEB-4431-BAED-2039E866A6C6}.Release|Any CPU.ActiveCfg = Release|Any CPU
		{A49BDD09-9CEB-4431-BAED-2039E866A6C6}.Release|Any CPU.Build.0 = Release|Any CPU
	EndGlobalSection
	GlobalSection(SolutionProperties) = preSolution
		HideSolutionNode = FALSE
	EndGlobalSection
	GlobalSection(ExtensibilityGlobals) = postSolution
		SolutionGuid = {C96525BF-BCFD-4F24-B2BA-110EB11582E1}
	EndGlobalSection
EndGlobal
