
Microsoft Visual Studio Solution File, Format Version 12.00
# Visual Studio Version 17
VisualStudioVersion = 17.5.33627.172
MinimumVisualStudioVersion = 10.0.40219.1
Project("{9A19103F-16F7-4668-BE54-9A1E7A4F7556}") = "Count Same Values in Array", "Count Same Values in Array\Count Same Values in Array.csproj", "{3006DA78-11CC-48CC-9D62-D2DD8391F317}"
EndProject
Project("{9A19103F-16F7-4668-BE54-9A1E7A4F7556}") = "Average Student Grades", "Average Student Grades\Average Student Grades.csproj", "{F9B2B380-CAD2-47F8-98D1-D6AAFCECD4B7}"
EndProject
Project("{9A19103F-16F7-4668-BE54-9A1E7A4F7556}") = "Largest 3 Numbers", "Largest 3 Numbers\Largest 3 Numbers.csproj", "{6381EEF9-6A80-490E-A916-C840D968456D}"
EndProject
Project("{9A19103F-16F7-4668-BE54-9A1E7A4F7556}") = "Product Shop", "Product Shop\Product Shop.csproj", "{359182AE-A316-4524-9D7D-D78A2459194C}"
EndProject
Project("{FAE04EC0-301F-11D3-BF4B-00C04F79EFBC}") = "Cities by Continent and Country", "Cities by Continent and Country\Cities by Continent and Country.csproj", "{F27169F6-0BF7-432B-B1BE-D8F1086230E6}"
EndProject
Project("{FAE04EC0-301F-11D3-BF4B-00C04F79EFBC}") = "Record Unique Names", "Record Unique Names\Record Unique Names.csproj", "{DCEDB99A-4253-4F69-86EF-9488AA343CA3}"
EndProject
Project("{FAE04EC0-301F-11D3-BF4B-00C04F79EFBC}") = "Parking Lot", "Parking Lot\Parking Lot.csproj", "{F06D8C0D-3644-40D3-B7D4-1543AC7BC0C3}"
EndProject
Global
	GlobalSection(SolutionConfigurationPlatforms) = preSolution
		Debug|Any CPU = Debug|Any CPU
		Release|Any CPU = Release|Any CPU
	EndGlobalSection
	GlobalSection(ProjectConfigurationPlatforms) = postSolution
		{3006DA78-11CC-48CC-9D62-D2DD8391F317}.Debug|Any CPU.ActiveCfg = Debug|Any CPU
		{3006DA78-11CC-48CC-9D62-D2DD8391F317}.Debug|Any CPU.Build.0 = Debug|Any CPU
		{3006DA78-11CC-48CC-9D62-D2DD8391F317}.Release|Any CPU.ActiveCfg = Release|Any CPU
		{3006DA78-11CC-48CC-9D62-D2DD8391F317}.Release|Any CPU.Build.0 = Release|Any CPU
		{F9B2B380-CAD2-47F8-98D1-D6AAFCECD4B7}.Debug|Any CPU.ActiveCfg = Debug|Any CPU
		{F9B2B380-CAD2-47F8-98D1-D6AAFCECD4B7}.Debug|Any CPU.Build.0 = Debug|Any CPU
		{F9B2B380-CAD2-47F8-98D1-D6AAFCECD4B7}.Release|Any CPU.ActiveCfg = Release|Any CPU
		{F9B2B380-CAD2-47F8-98D1-D6AAFCECD4B7}.Release|Any CPU.Build.0 = Release|Any CPU
		{6381EEF9-6A80-490E-A916-C840D968456D}.Debug|Any CPU.ActiveCfg = Debug|Any CPU
		{6381EEF9-6A80-490E-A916-C840D968456D}.Debug|Any CPU.Build.0 = Debug|Any CPU
		{6381EEF9-6A80-490E-A916-C840D968456D}.Release|Any CPU.ActiveCfg = Release|Any CPU
		{6381EEF9-6A80-490E-A916-C840D968456D}.Release|Any CPU.Build.0 = Release|Any CPU
		{359182AE-A316-4524-9D7D-D78A2459194C}.Debug|Any CPU.ActiveCfg = Debug|Any CPU
		{359182AE-A316-4524-9D7D-D78A2459194C}.Debug|Any CPU.Build.0 = Debug|Any CPU
		{359182AE-A316-4524-9D7D-D78A2459194C}.Release|Any CPU.ActiveCfg = Release|Any CPU
		{359182AE-A316-4524-9D7D-D78A2459194C}.Release|Any CPU.Build.0 = Release|Any CPU
		{F27169F6-0BF7-432B-B1BE-D8F1086230E6}.Debug|Any CPU.ActiveCfg = Debug|Any CPU
		{F27169F6-0BF7-432B-B1BE-D8F1086230E6}.Debug|Any CPU.Build.0 = Debug|Any CPU
		{F27169F6-0BF7-432B-B1BE-D8F1086230E6}.Release|Any CPU.ActiveCfg = Release|Any CPU
		{F27169F6-0BF7-432B-B1BE-D8F1086230E6}.Release|Any CPU.Build.0 = Release|Any CPU
		{DCEDB99A-4253-4F69-86EF-9488AA343CA3}.Debug|Any CPU.ActiveCfg = Debug|Any CPU
		{DCEDB99A-4253-4F69-86EF-9488AA343CA3}.Debug|Any CPU.Build.0 = Debug|Any CPU
		{DCEDB99A-4253-4F69-86EF-9488AA343CA3}.Release|Any CPU.ActiveCfg = Release|Any CPU
		{DCEDB99A-4253-4F69-86EF-9488AA343CA3}.Release|Any CPU.Build.0 = Release|Any CPU
		{F06D8C0D-3644-40D3-B7D4-1543AC7BC0C3}.Debug|Any CPU.ActiveCfg = Debug|Any CPU
		{F06D8C0D-3644-40D3-B7D4-1543AC7BC0C3}.Debug|Any CPU.Build.0 = Debug|Any CPU
		{F06D8C0D-3644-40D3-B7D4-1543AC7BC0C3}.Release|Any CPU.ActiveCfg = Release|Any CPU
		{F06D8C0D-3644-40D3-B7D4-1543AC7BC0C3}.Release|Any CPU.Build.0 = Release|Any CPU
	EndGlobalSection
	GlobalSection(SolutionProperties) = preSolution
		HideSolutionNode = FALSE
	EndGlobalSection
	GlobalSection(ExtensibilityGlobals) = postSolution
		SolutionGuid = {26B24695-A6F6-40E6-89F5-A0CFB6526308}
	EndGlobalSection
EndGlobal
