
Microsoft Visual Studio Solution File, Format Version 12.00
# Visual Studio Version 17
VisualStudioVersion = 17.5.33627.172
MinimumVisualStudioVersion = 10.0.40219.1
Project("{9A19103F-16F7-4668-BE54-9A1E7A4F7556}") = "Basic Stack Operations", "Basic Stack Operations\Basic Stack Operations.csproj", "{9FD9546D-A718-4627-9EFD-E5A7ACDFA248}"
EndProject
Project("{9A19103F-16F7-4668-BE54-9A1E7A4F7556}") = "Basic Queue Operations", "Basic Queue Operations\Basic Queue Operations.csproj", "{E849F8C7-C2D4-495B-A9ED-BC98FBBE68D2}"
EndProject
Project("{9A19103F-16F7-4668-BE54-9A1E7A4F7556}") = "Maximum and Minimum Element", "Maximum and Minimum Element\Maximum and Minimum Element.csproj", "{DD3C888E-DC81-430C-83B4-AD7B8FC65392}"
EndProject
Project("{9A19103F-16F7-4668-BE54-9A1E7A4F7556}") = "Fast Food", "Fast Food\Fast Food.csproj", "{70545000-EBCD-427A-9761-960F1B5DF04A}"
EndProject
Project("{9A19103F-16F7-4668-BE54-9A1E7A4F7556}") = "Fashion Boutique", "Fashion Boutique\Fashion Boutique.csproj", "{11BC6417-4722-4275-B4DC-6D23BA9F6821}"
EndProject
Project("{FAE04EC0-301F-11D3-BF4B-00C04F79EFBC}") = "Songs Queue", "Songs Queue\Songs Queue.csproj", "{18640BB7-7CF4-42AA-AEE5-9ACAF5133758}"
EndProject
Project("{FAE04EC0-301F-11D3-BF4B-00C04F79EFBC}") = "Truck Tour", "Truck Tour\Truck Tour.csproj", "{1B42EF00-52F7-4A36-AF40-DF3235F60B65}"
EndProject
Project("{FAE04EC0-301F-11D3-BF4B-00C04F79EFBC}") = "Balanced Parentheses", "Balanced Parentheses\Balanced Parentheses.csproj", "{1ED822E3-F110-4E8E-8472-81FE1DFCE4EA}"
EndProject
Project("{FAE04EC0-301F-11D3-BF4B-00C04F79EFBC}") = "Simple Text Editor", "Simple Text Editor\Simple Text Editor.csproj", "{A436E950-27FC-42DE-A0FD-8A673CB0B200}"
EndProject
Global
	GlobalSection(SolutionConfigurationPlatforms) = preSolution
		Debug|Any CPU = Debug|Any CPU
		Release|Any CPU = Release|Any CPU
	EndGlobalSection
	GlobalSection(ProjectConfigurationPlatforms) = postSolution
		{9FD9546D-A718-4627-9EFD-E5A7ACDFA248}.Debug|Any CPU.ActiveCfg = Debug|Any CPU
		{9FD9546D-A718-4627-9EFD-E5A7ACDFA248}.Debug|Any CPU.Build.0 = Debug|Any CPU
		{9FD9546D-A718-4627-9EFD-E5A7ACDFA248}.Release|Any CPU.ActiveCfg = Release|Any CPU
		{9FD9546D-A718-4627-9EFD-E5A7ACDFA248}.Release|Any CPU.Build.0 = Release|Any CPU
		{E849F8C7-C2D4-495B-A9ED-BC98FBBE68D2}.Debug|Any CPU.ActiveCfg = Debug|Any CPU
		{E849F8C7-C2D4-495B-A9ED-BC98FBBE68D2}.Debug|Any CPU.Build.0 = Debug|Any CPU
		{E849F8C7-C2D4-495B-A9ED-BC98FBBE68D2}.Release|Any CPU.ActiveCfg = Release|Any CPU
		{E849F8C7-C2D4-495B-A9ED-BC98FBBE68D2}.Release|Any CPU.Build.0 = Release|Any CPU
		{DD3C888E-DC81-430C-83B4-AD7B8FC65392}.Debug|Any CPU.ActiveCfg = Debug|Any CPU
		{DD3C888E-DC81-430C-83B4-AD7B8FC65392}.Debug|Any CPU.Build.0 = Debug|Any CPU
		{DD3C888E-DC81-430C-83B4-AD7B8FC65392}.Release|Any CPU.ActiveCfg = Release|Any CPU
		{DD3C888E-DC81-430C-83B4-AD7B8FC65392}.Release|Any CPU.Build.0 = Release|Any CPU
		{70545000-EBCD-427A-9761-960F1B5DF04A}.Debug|Any CPU.ActiveCfg = Debug|Any CPU
		{70545000-EBCD-427A-9761-960F1B5DF04A}.Debug|Any CPU.Build.0 = Debug|Any CPU
		{70545000-EBCD-427A-9761-960F1B5DF04A}.Release|Any CPU.ActiveCfg = Release|Any CPU
		{70545000-EBCD-427A-9761-960F1B5DF04A}.Release|Any CPU.Build.0 = Release|Any CPU
		{11BC6417-4722-4275-B4DC-6D23BA9F6821}.Debug|Any CPU.ActiveCfg = Debug|Any CPU
		{11BC6417-4722-4275-B4DC-6D23BA9F6821}.Debug|Any CPU.Build.0 = Debug|Any CPU
		{11BC6417-4722-4275-B4DC-6D23BA9F6821}.Release|Any CPU.ActiveCfg = Release|Any CPU
		{11BC6417-4722-4275-B4DC-6D23BA9F6821}.Release|Any CPU.Build.0 = Release|Any CPU
		{18640BB7-7CF4-42AA-AEE5-9ACAF5133758}.Debug|Any CPU.ActiveCfg = Debug|Any CPU
		{18640BB7-7CF4-42AA-AEE5-9ACAF5133758}.Debug|Any CPU.Build.0 = Debug|Any CPU
		{18640BB7-7CF4-42AA-AEE5-9ACAF5133758}.Release|Any CPU.ActiveCfg = Release|Any CPU
		{18640BB7-7CF4-42AA-AEE5-9ACAF5133758}.Release|Any CPU.Build.0 = Release|Any CPU
		{1B42EF00-52F7-4A36-AF40-DF3235F60B65}.Debug|Any CPU.ActiveCfg = Debug|Any CPU
		{1B42EF00-52F7-4A36-AF40-DF3235F60B65}.Debug|Any CPU.Build.0 = Debug|Any CPU
		{1B42EF00-52F7-4A36-AF40-DF3235F60B65}.Release|Any CPU.ActiveCfg = Release|Any CPU
		{1B42EF00-52F7-4A36-AF40-DF3235F60B65}.Release|Any CPU.Build.0 = Release|Any CPU
		{1ED822E3-F110-4E8E-8472-81FE1DFCE4EA}.Debug|Any CPU.ActiveCfg = Debug|Any CPU
		{1ED822E3-F110-4E8E-8472-81FE1DFCE4EA}.Debug|Any CPU.Build.0 = Debug|Any CPU
		{1ED822E3-F110-4E8E-8472-81FE1DFCE4EA}.Release|Any CPU.ActiveCfg = Release|Any CPU
		{1ED822E3-F110-4E8E-8472-81FE1DFCE4EA}.Release|Any CPU.Build.0 = Release|Any CPU
		{A436E950-27FC-42DE-A0FD-8A673CB0B200}.Debug|Any CPU.ActiveCfg = Debug|Any CPU
		{A436E950-27FC-42DE-A0FD-8A673CB0B200}.Debug|Any CPU.Build.0 = Debug|Any CPU
		{A436E950-27FC-42DE-A0FD-8A673CB0B200}.Release|Any CPU.ActiveCfg = Release|Any CPU
		{A436E950-27FC-42DE-A0FD-8A673CB0B200}.Release|Any CPU.Build.0 = Release|Any CPU
	EndGlobalSection
	GlobalSection(SolutionProperties) = preSolution
		HideSolutionNode = FALSE
	EndGlobalSection
	GlobalSection(ExtensibilityGlobals) = postSolution
		SolutionGuid = {38AA2900-9B1A-4749-91DE-9B1DEA69D929}
	EndGlobalSection
EndGlobal
